
Microsoft Visual Studio Solution File, Format Version 12.00
# Visual Studio 2012
Project("{FAE04EC0-301F-11D3-BF4B-00C04F79EFBC}") = "TinyListener.Client", "TinyListener.Client\TinyListener.Client.csproj", "{3845A764-2344-43C9-9F80-6A096A85BC64}"
EndProject
Project("{FAE04EC0-301F-11D3-BF4B-00C04F79EFBC}") = "TinyListener.Client.Tests", "TinyListener.Client.Tests\TinyListener.Client.Tests.csproj", "{ECD1A08F-76D8-427F-B6C9-3DC954F4F593}"
EndProject
Project("{FAE04EC0-301F-11D3-BF4B-00C04F79EFBC}") = "TinyListener.Web", "TinyListener.Web\TinyListener.Web.csproj", "{EE6A94F4-ED7A-4F4F-A989-2EDA6F8FFCD4}"
EndProject
Global
	GlobalSection(SolutionConfigurationPlatforms) = preSolution
		Debug|Any CPU = Debug|Any CPU
		Release|Any CPU = Release|Any CPU
	EndGlobalSection
	GlobalSection(ProjectConfigurationPlatforms) = postSolution
		{3845A764-2344-43C9-9F80-6A096A85BC64}.Debug|Any CPU.ActiveCfg = Debug|Any CPU
		{3845A764-2344-43C9-9F80-6A096A85BC64}.Debug|Any CPU.Build.0 = Debug|Any CPU
		{3845A764-2344-43C9-9F80-6A096A85BC64}.Release|Any CPU.ActiveCfg = Release|Any CPU
		{3845A764-2344-43C9-9F80-6A096A85BC64}.Release|Any CPU.Build.0 = Release|Any CPU
		{ECD1A08F-76D8-427F-B6C9-3DC954F4F593}.Debug|Any CPU.ActiveCfg = Debug|Any CPU
		{ECD1A08F-76D8-427F-B6C9-3DC954F4F593}.Debug|Any CPU.Build.0 = Debug|Any CPU
		{ECD1A08F-76D8-427F-B6C9-3DC954F4F593}.Release|Any CPU.ActiveCfg = Release|Any CPU
		{ECD1A08F-76D8-427F-B6C9-3DC954F4F593}.Release|Any CPU.Build.0 = Release|Any CPU
		{EE6A94F4-ED7A-4F4F-A989-2EDA6F8FFCD4}.Debug|Any CPU.ActiveCfg = Debug|Any CPU
		{EE6A94F4-ED7A-4F4F-A989-2EDA6F8FFCD4}.Debug|Any CPU.Build.0 = Debug|Any CPU
		{EE6A94F4-ED7A-4F4F-A989-2EDA6F8FFCD4}.Release|Any CPU.ActiveCfg = Release|Any CPU
		{EE6A94F4-ED7A-4F4F-A989-2EDA6F8FFCD4}.Release|Any CPU.Build.0 = Release|Any CPU
	EndGlobalSection
EndGlobal
